
Microsoft Visual Studio Solution File, Format Version 12.00
# Visual Studio 15
VisualStudioVersion = 15.0.27703.2042
MinimumVisualStudioVersion = 10.0.40219.1
Project("{FAE04EC0-301F-11D3-BF4B-00C04F79EFBC}") = "StudentLINQ", "StudentLINQ\StudentLINQ.csproj", "{370CD27C-F118-46CE-91F3-05DE58777144}"
EndProject
Global
	GlobalSection(SolutionConfigurationPlatforms) = preSolution
		Debug|Any CPU = Debug|Any CPU
		Release|Any CPU = Release|Any CPU
	EndGlobalSection
	GlobalSection(ProjectConfigurationPlatforms) = postSolution
		{370CD27C-F118-46CE-91F3-05DE58777144}.Debug|Any CPU.ActiveCfg = Debug|Any CPU
		{370CD27C-F118-46CE-91F3-05DE58777144}.Debug|Any CPU.Build.0 = Debug|Any CPU
		{370CD27C-F118-46CE-91F3-05DE58777144}.Release|Any CPU.ActiveCfg = Release|Any CPU
		{370CD27C-F118-46CE-91F3-05DE58777144}.Release|Any CPU.Build.0 = Release|Any CPU
	EndGlobalSection
	GlobalSection(SolutionProperties) = preSolution
		HideSolutionNode = FALSE
	EndGlobalSection
	GlobalSection(ExtensibilityGlobals) = postSolution
		SolutionGuid = {DDF8B2DC-0C2E-4BA3-B4D5-266E9C6B2073}
	EndGlobalSection
EndGlobal
